
Microsoft Visual Studio Solution File, Format Version 12.00
# Visual Studio Version 17
VisualStudioVersion = 17.2.32516.85
MinimumVisualStudioVersion = 10.0.40219.1
Project("{FAE04EC0-301F-11D3-BF4B-00C04F79EFBC}") = "TGL_Homework6", "TGL_Homework6\TGL_Homework6.csproj", "{99EDCF96-C652-45F2-85B8-C094BA2CB27F}"
EndProject
Global
	GlobalSection(SolutionConfigurationPlatforms) = preSolution
		Debug|Any CPU = Debug|Any CPU
		Release|Any CPU = Release|Any CPU
	EndGlobalSection
	GlobalSection(ProjectConfigurationPlatforms) = postSolution
		{99EDCF96-C652-45F2-85B8-C094BA2CB27F}.Debug|Any CPU.ActiveCfg = Debug|Any CPU
		{99EDCF96-C652-45F2-85B8-C094BA2CB27F}.Debug|Any CPU.Build.0 = Debug|Any CPU
		{99EDCF96-C652-45F2-85B8-C094BA2CB27F}.Release|Any CPU.ActiveCfg = Release|Any CPU
		{99EDCF96-C652-45F2-85B8-C094BA2CB27F}.Release|Any CPU.Build.0 = Release|Any CPU
	EndGlobalSection
	GlobalSection(SolutionProperties) = preSolution
		HideSolutionNode = FALSE
	EndGlobalSection
	GlobalSection(ExtensibilityGlobals) = postSolution
		SolutionGuid = {2BD37BBA-27C2-4857-8237-5714E7E424F9}
	EndGlobalSection
EndGlobal
